
Microsoft Visual Studio Solution File, Format Version 12.00
# Visual Studio Version 17
VisualStudioVersion = 17.0.32014.148
MinimumVisualStudioVersion = 10.0.40219.1
Project("{9A19103F-16F7-4668-BE54-9A1E7A4F7556}") = "BaharShop.Common", "BaharShop.Common\BaharShop.Common.csproj", "{E8947530-F200-4041-B1FD-64F2BBC0D589}"
EndProject
Project("{9A19103F-16F7-4668-BE54-9A1E7A4F7556}") = "BaharShop.Domain", "BaharShop.Domain\BaharShop.Domain.csproj", "{12284BF6-77DF-4C74-8128-9C6CA49CCEE5}"
EndProject
Project("{9A19103F-16F7-4668-BE54-9A1E7A4F7556}") = "BaharShop.Application", "BaharShop.Application\BaharShop.Application.csproj", "{45CA9E5D-897D-466E-8FD2-F6C7CDB62EEC}"
EndProject
Project("{9A19103F-16F7-4668-BE54-9A1E7A4F7556}") = "BaharShop.InfraStructure", "BaharShop.InfraStructure\BaharShop.InfraStructure.csproj", "{46332076-CA7C-4FA1-BC2D-3E848B1BE04B}"
EndProject
Project("{9A19103F-16F7-4668-BE54-9A1E7A4F7556}") = "BaharShop.WebAPI", "BaharShop.WebAPI\BaharShop.WebAPI.csproj", "{8A4A129F-2D95-4523-A4CB-5839F417C48A}"
EndProject
Project("{9A19103F-16F7-4668-BE54-9A1E7A4F7556}") = "BaharShop.WebMVC", "BaharShop.WebMVC\BaharShop.WebMVC.csproj", "{4DA06E7F-A813-4C20-912D-42B759C3ED80}"
EndProject
Project("{2150E333-8FDC-42A3-9474-1A3956D46DE8}") = "Scripts", "Scripts", "{478991D1-87DD-4F79-9D0D-21ACB02CA0C5}"
EndProject
Project("{2150E333-8FDC-42A3-9474-1A3956D46DE8}") = "Data", "Data", "{187A3996-36D6-4960-8383-80CE9DC630B4}"
	ProjectSection(SolutionItems) = preProject
		C:\Users\a.hoseini\Desktop\data.txt = C:\Users\a.hoseini\Desktop\data.txt
	EndProjectSection
EndProject
Global
	GlobalSection(SolutionConfigurationPlatforms) = preSolution
		Debug|Any CPU = Debug|Any CPU
		Release|Any CPU = Release|Any CPU
	EndGlobalSection
	GlobalSection(ProjectConfigurationPlatforms) = postSolution
		{E8947530-F200-4041-B1FD-64F2BBC0D589}.Debug|Any CPU.ActiveCfg = Debug|Any CPU
		{E8947530-F200-4041-B1FD-64F2BBC0D589}.Debug|Any CPU.Build.0 = Debug|Any CPU
		{E8947530-F200-4041-B1FD-64F2BBC0D589}.Release|Any CPU.ActiveCfg = Release|Any CPU
		{E8947530-F200-4041-B1FD-64F2BBC0D589}.Release|Any CPU.Build.0 = Release|Any CPU
		{12284BF6-77DF-4C74-8128-9C6CA49CCEE5}.Debug|Any CPU.ActiveCfg = Debug|Any CPU
		{12284BF6-77DF-4C74-8128-9C6CA49CCEE5}.Debug|Any CPU.Build.0 = Debug|Any CPU
		{12284BF6-77DF-4C74-8128-9C6CA49CCEE5}.Release|Any CPU.ActiveCfg = Release|Any CPU
		{12284BF6-77DF-4C74-8128-9C6CA49CCEE5}.Release|Any CPU.Build.0 = Release|Any CPU
		{45CA9E5D-897D-466E-8FD2-F6C7CDB62EEC}.Debug|Any CPU.ActiveCfg = Debug|Any CPU
		{45CA9E5D-897D-466E-8FD2-F6C7CDB62EEC}.Debug|Any CPU.Build.0 = Debug|Any CPU
		{45CA9E5D-897D-466E-8FD2-F6C7CDB62EEC}.Release|Any CPU.ActiveCfg = Release|Any CPU
		{45CA9E5D-897D-466E-8FD2-F6C7CDB62EEC}.Release|Any CPU.Build.0 = Release|Any CPU
		{46332076-CA7C-4FA1-BC2D-3E848B1BE04B}.Debug|Any CPU.ActiveCfg = Debug|Any CPU
		{46332076-CA7C-4FA1-BC2D-3E848B1BE04B}.Debug|Any CPU.Build.0 = Debug|Any CPU
		{46332076-CA7C-4FA1-BC2D-3E848B1BE04B}.Release|Any CPU.ActiveCfg = Release|Any CPU
		{46332076-CA7C-4FA1-BC2D-3E848B1BE04B}.Release|Any CPU.Build.0 = Release|Any CPU
		{8A4A129F-2D95-4523-A4CB-5839F417C48A}.Debug|Any CPU.ActiveCfg = Debug|Any CPU
		{8A4A129F-2D95-4523-A4CB-5839F417C48A}.Debug|Any CPU.Build.0 = Debug|Any CPU
		{8A4A129F-2D95-4523-A4CB-5839F417C48A}.Release|Any CPU.ActiveCfg = Release|Any CPU
		{8A4A129F-2D95-4523-A4CB-5839F417C48A}.Release|Any CPU.Build.0 = Release|Any CPU
		{4DA06E7F-A813-4C20-912D-42B759C3ED80}.Debug|Any CPU.ActiveCfg = Debug|Any CPU
		{4DA06E7F-A813-4C20-912D-42B759C3ED80}.Debug|Any CPU.Build.0 = Debug|Any CPU
		{4DA06E7F-A813-4C20-912D-42B759C3ED80}.Release|Any CPU.ActiveCfg = Release|Any CPU
		{4DA06E7F-A813-4C20-912D-42B759C3ED80}.Release|Any CPU.Build.0 = Release|Any CPU
	EndGlobalSection
	GlobalSection(SolutionProperties) = preSolution
		HideSolutionNode = FALSE
	EndGlobalSection
	GlobalSection(NestedProjects) = preSolution
		{187A3996-36D6-4960-8383-80CE9DC630B4} = {478991D1-87DD-4F79-9D0D-21ACB02CA0C5}
	EndGlobalSection
	GlobalSection(ExtensibilityGlobals) = postSolution
		SolutionGuid = {FBBFEF43-16CD-44BB-8707-3277895513A6}
	EndGlobalSection
EndGlobal
